{
  "name": "chessdefense",
  "version": "1.1.1",
  "lockfileVersion": 1,
  "requires": true,
  "dependencies": {
    "@polymer/app-layout": {
      "version": "3.0.0-pre.10",
      "resolved": "https://registry.npmjs.org/@polymer/app-layout/-/app-layout-3.0.0-pre.10.tgz",
      "integrity": "sha512-q12OpUsJ6Q8MGtrPbMQD3pHQ2tFznJjpmedhl3gZ5jOMI6RZHElczp6Y31ATZPgQgQNON9zoT8F1R79Ky2Wviw==",
      "requires": {
        "@polymer/iron-flex-layout": "3.0.0-pre.10",
        "@polymer/iron-media-query": "3.0.0-pre.10",
        "@polymer/iron-resizable-behavior": "3.0.0-pre.10",
        "@polymer/iron-scroll-target-behavior": "3.0.0-pre.10",
        "@polymer/polymer": "3.0.0-pre.10"
      }
    },
    "@polymer/app-route": {
      "version": "3.0.0-pre.10",
      "resolved": "https://registry.npmjs.org/@polymer/app-route/-/app-route-3.0.0-pre.10.tgz",
      "integrity": "sha512-R9fkQSg0T4S/oJBI7mTYq/1JMVdVTkhCu5G2OJ0Rk6QgZLwBs1Tb3O65oyKfHwhcmXoPZ8GF1ntcbigJKX15sg==",
      "requires": {
        "@polymer/iron-location": "3.0.0-pre.10",
        "@polymer/polymer": "3.0.0-pre.10"
      }
    },
    "@polymer/app-storage": {
      "version": "3.0.0-pre.10",
      "resolved": "https://registry.npmjs.org/@polymer/app-storage/-/app-storage-3.0.0-pre.10.tgz",
      "integrity": "sha512-mGfILnubtlKg4mQOTh1h1zg77ot+VJJl+/AMHquxVIdTaj7IIBgBOqDgg4wR7kdS2Btnre/kpwU6kr0Ekn80KQ==",
      "requires": {
        "@polymer/polymer": "3.0.0-pre.10"
      }
    },
    "@polymer/font-roboto": {
      "version": "3.0.0-pre.10",
      "resolved": "https://registry.npmjs.org/@polymer/font-roboto/-/font-roboto-3.0.0-pre.10.tgz",
      "integrity": "sha512-oXahb8CD1cW2xx99wYSz44mIyS1pnbJuL773V7M4PF4kY7hhl39wzdcXbQje0v4Vh0aeCNyQTlNdA43bxXGuCg=="
    },
    "@polymer/iron-a11y-announcer": {
      "version": "3.0.0-pre.10",
      "resolved": "https://registry.npmjs.org/@polymer/iron-a11y-announcer/-/iron-a11y-announcer-3.0.0-pre.10.tgz",
      "integrity": "sha512-fNGoGz9vg1y1DBrw0Kd3KH6Mr/IFL8qecRq2HUqNUlWPks47aJ9PmxYDD1BZeufGoMSvox9nyHTTzQOd/FDPng==",
      "requires": {
        "@polymer/polymer": "3.0.0-pre.10"
      }
    },
    "@polymer/iron-a11y-keys-behavior": {
      "version": "3.0.0-pre.10",
      "resolved": "https://registry.npmjs.org/@polymer/iron-a11y-keys-behavior/-/iron-a11y-keys-behavior-3.0.0-pre.10.tgz",
      "integrity": "sha512-CQSMeyTZxQPLKx+51SH8mDVBdhLRr+1pT3WdmzZLwCJEA+INF2QqJkOMX4AdPqmAeVSn7cjx0jVUxOfJoHbg7g==",
      "requires": {
        "@polymer/polymer": "3.0.0-pre.10"
      }
    },
    "@polymer/iron-ajax": {
      "version": "3.0.0-pre.10",
      "resolved": "https://registry.npmjs.org/@polymer/iron-ajax/-/iron-ajax-3.0.0-pre.10.tgz",
      "integrity": "sha512-JxhXZikBmSfoEZkh7i0NNnZk7xhw+hsR4jNv57U1D/Lg3eE3cWdREV6BVJHGXnEcTDwDuRmHh3fjXbu/rjLKdg==",
      "requires": {
        "@polymer/polymer": "3.0.0-pre.10"
      }
    },
    "@polymer/iron-autogrow-textarea": {
      "version": "3.0.0-pre.10",
      "resolved": "https://registry.npmjs.org/@polymer/iron-autogrow-textarea/-/iron-autogrow-textarea-3.0.0-pre.10.tgz",
      "integrity": "sha512-asY7lwbJWbN92POMUZZ7OB9sJ+WwLAoOYpFLzaJh2aSn5Qqa/HBJh1DtSrVqKfI5mnNXwr53nqemFdmf8sBeXw==",
      "requires": {
        "@polymer/iron-behaviors": "3.0.0-pre.10",
        "@polymer/iron-flex-layout": "3.0.0-pre.10",
        "@polymer/iron-validatable-behavior": "3.0.0-pre.10",
        "@polymer/polymer": "3.0.0-pre.10"
      }
    },
    "@polymer/iron-behaviors": {
      "version": "3.0.0-pre.10",
      "resolved": "https://registry.npmjs.org/@polymer/iron-behaviors/-/iron-behaviors-3.0.0-pre.10.tgz",
      "integrity": "sha512-0/Lhp0xvJKYjSp/UWJ2PqxkBEETJYFvZxly0RqoZWUQvYCuBpH3kMdo3Gn67ceT8vSLH6if9aes0onP+d2etvQ==",
      "requires": {
        "@polymer/iron-a11y-keys-behavior": "3.0.0-pre.10",
        "@polymer/polymer": "3.0.0-pre.10"
      }
    },
    "@polymer/iron-checked-element-behavior": {
      "version": "3.0.0-pre.10",
      "resolved": "https://registry.npmjs.org/@polymer/iron-checked-element-behavior/-/iron-checked-element-behavior-3.0.0-pre.10.tgz",
      "integrity": "sha512-6seOZFFDYzQShMGFVctd9COrfNp/6XumUreVynbwBmeKL1ozlZPKvEpvYDA0ab0vsKuYcI5sFcgH7bXo7bN35A==",
      "requires": {
        "@polymer/iron-form-element-behavior": "3.0.0-pre.10",
        "@polymer/iron-validatable-behavior": "3.0.0-pre.10",
        "@polymer/polymer": "3.0.0-pre.10"
      }
    },
    "@polymer/iron-collapse": {
      "version": "3.0.0-pre.10",
      "resolved": "https://registry.npmjs.org/@polymer/iron-collapse/-/iron-collapse-3.0.0-pre.10.tgz",
      "integrity": "sha512-0NzFp5RuvmFwGF6D7TgUvID9jp55UaWhkfeoVScD0tMgk3qHZJHmre151UZuAqSmHjhk9A7yjo551evb1lvW9g==",
      "requires": {
        "@polymer/iron-resizable-behavior": "3.0.0-pre.10",
        "@polymer/polymer": "3.0.0-pre.10"
      }
    },
    "@polymer/iron-flex-layout": {
      "version": "3.0.0-pre.10",
      "resolved": "https://registry.npmjs.org/@polymer/iron-flex-layout/-/iron-flex-layout-3.0.0-pre.10.tgz",
      "integrity": "sha512-3mYjBfXJa5ytzSB0SsG++RbI1imRWGA7NKQbBQYWvAFf0QSJZ4/Q2VRvB+uI55mNK1jEIoQ+HWMbl4Edl2N2Gg==",
      "requires": {
        "@polymer/polymer": "3.0.0-pre.10"
      }
    },
    "@polymer/iron-form-element-behavior": {
      "version": "3.0.0-pre.10",
      "resolved": "https://registry.npmjs.org/@polymer/iron-form-element-behavior/-/iron-form-element-behavior-3.0.0-pre.10.tgz",
      "integrity": "sha512-VSKISgqMSS4A3uCwkvlHDF0I1YRO9h8Yoer3ywuGyhJRDtlJdZrNZEI/Fgmz9FAkstfHJAJUcHGQisYhfBGXxg==",
      "requires": {
        "@polymer/polymer": "3.0.0-pre.10"
      }
    },
    "@polymer/iron-icon": {
      "version": "3.0.0-pre.10",
      "resolved": "https://registry.npmjs.org/@polymer/iron-icon/-/iron-icon-3.0.0-pre.10.tgz",
      "integrity": "sha512-MolCvBRlhv1TZwXEtlXXPquwHtIg+31nLLCXQPAbilkw000xV/+T1oPc+lz0MyYA2qKZviQ6pNG8RzEj9sxidQ==",
      "requires": {
        "@polymer/iron-flex-layout": "3.0.0-pre.10",
        "@polymer/iron-meta": "3.0.0-pre.10",
        "@polymer/polymer": "3.0.0-pre.10"
      }
    },
    "@polymer/iron-icons": {
      "version": "3.0.0-pre.10",
      "resolved": "https://registry.npmjs.org/@polymer/iron-icons/-/iron-icons-3.0.0-pre.10.tgz",
      "integrity": "sha512-+jo2M41C+1mYn+IzPRPXbQQgOs4ANLJ0GBIxVAMlVwJ4RoS4nKVnOiMJmXcEZRtI/EI5tbqVm4PlS3A5KqDw3w==",
      "requires": {
        "@polymer/iron-icon": "3.0.0-pre.10",
        "@polymer/iron-iconset-svg": "3.0.0-pre.10",
        "@polymer/polymer": "3.0.0-pre.10"
      }
    },
    "@polymer/iron-iconset-svg": {
      "version": "3.0.0-pre.10",
      "resolved": "https://registry.npmjs.org/@polymer/iron-iconset-svg/-/iron-iconset-svg-3.0.0-pre.10.tgz",
      "integrity": "sha512-0UxjCDDGPTuZiAxuB/vk+sy42uMeGL4TLB1fRGmgbGARnvSA5D6iVtfCzNJHiucUhZY+cXzwg13sxTTDCwQCGQ==",
      "requires": {
        "@polymer/iron-meta": "3.0.0-pre.10",
        "@polymer/polymer": "3.0.0-pre.10"
      }
    },
    "@polymer/iron-image": {
      "version": "3.0.0-pre.10",
      "resolved": "https://registry.npmjs.org/@polymer/iron-image/-/iron-image-3.0.0-pre.10.tgz",
      "integrity": "sha512-TgGYpyvqK06jhr9dhVR784Qx+u/4PV9dCVaofw6Hz63ndCyg4lkIeNOBorX86qGawSX0EWHZ8QX9hx//GS7Sew==",
      "requires": {
        "@polymer/polymer": "3.0.0-pre.10"
      }
    },
    "@polymer/iron-input": {
      "version": "3.0.0-pre.10",
      "resolved": "https://registry.npmjs.org/@polymer/iron-input/-/iron-input-3.0.0-pre.10.tgz",
      "integrity": "sha512-yiwgGtOwrqJZ8bICR2wi0NIQiD4kEpavjYauoJ9L90fODvlDi552yZDupujuzAbFAgVz2TRo9Rzh713xK7i3Pw==",
      "requires": {
        "@polymer/iron-a11y-announcer": "3.0.0-pre.10",
        "@polymer/iron-validatable-behavior": "3.0.0-pre.10",
        "@polymer/polymer": "3.0.0-pre.10"
      }
    },
    "@polymer/iron-list": {
      "version": "3.0.0-pre.10",
      "resolved": "https://registry.npmjs.org/@polymer/iron-list/-/iron-list-3.0.0-pre.10.tgz",
      "integrity": "sha512-HbQM90+3qV5MV3Ub5WdXNZX2QGbesH8qmgKFtQn874ckQXL1Su8nQ6I+Eqek6AiMZDBnpjHac8uzIjivTfR1Cg==",
      "requires": {
        "@polymer/iron-a11y-keys-behavior": "3.0.0-pre.10",
        "@polymer/iron-resizable-behavior": "3.0.0-pre.10",
        "@polymer/iron-scroll-target-behavior": "3.0.0-pre.10",
        "@polymer/polymer": "3.0.0-pre.10"
      }
    },
    "@polymer/iron-location": {
      "version": "3.0.0-pre.10",
      "resolved": "https://registry.npmjs.org/@polymer/iron-location/-/iron-location-3.0.0-pre.10.tgz",
      "integrity": "sha512-LO0vo0C8+ag8Zn20lvYakiJRV15RZ/q8JXPDTT75/prtbuMczJSCCasCkePTtuNLO98s8EhPOzGLo0l+xFQsnw==",
      "requires": {
        "@polymer/polymer": "3.0.0-pre.10"
      }
    },
    "@polymer/iron-media-query": {
      "version": "3.0.0-pre.10",
      "resolved": "https://registry.npmjs.org/@polymer/iron-media-query/-/iron-media-query-3.0.0-pre.10.tgz",
      "integrity": "sha512-Ta37dJLZ5tp5Np6WiTNQFnDaMm/y/TVbu7OHWLiwGe03LDM5m7ubjo5Nqa/8vxrsavhap3TqpaXgXe6LNsOUdw==",
      "requires": {
        "@polymer/polymer": "3.0.0-pre.10"
      }
    },
    "@polymer/iron-meta": {
      "version": "3.0.0-pre.10",
      "resolved": "https://registry.npmjs.org/@polymer/iron-meta/-/iron-meta-3.0.0-pre.10.tgz",
      "integrity": "sha512-8ebkkK0bMVnnePswIvweB3+qswwk/Ob3LkUfNeGni9/gMAWs5qy70FT92cFyKCGJVn/Xbj5EfCgizud5MzTe9Q==",
      "requires": {
        "@polymer/polymer": "3.0.0-pre.10"
      }
    },
    "@polymer/iron-pages": {
      "version": "3.0.0-pre.10",
      "resolved": "https://registry.npmjs.org/@polymer/iron-pages/-/iron-pages-3.0.0-pre.10.tgz",
      "integrity": "sha512-eXkPYNZHA7C+tIq3LN/WwRS/fVgdgVxxMqHBba1vNi/ojPeXtip7p7EjuDnIuqChAxsh2es4m5kU32PJ3Ksl1w==",
      "requires": {
        "@polymer/iron-resizable-behavior": "3.0.0-pre.10",
        "@polymer/iron-selector": "3.0.0-pre.10",
        "@polymer/polymer": "3.0.0-pre.10"
      }
    },
    "@polymer/iron-range-behavior": {
      "version": "3.0.0-pre.10",
      "resolved": "https://registry.npmjs.org/@polymer/iron-range-behavior/-/iron-range-behavior-3.0.0-pre.10.tgz",
      "integrity": "sha512-dIOdyRG7iVGKTngEUiw0Tf/nic+At8Bqrgez4TztU9mIimIYoc+QMzG6Rk3IFR6saOBgDgYJRTUPYDKdsFAKjQ==",
      "requires": {
        "@polymer/polymer": "3.0.0-pre.10"
      }
    },
    "@polymer/iron-resizable-behavior": {
      "version": "3.0.0-pre.10",
      "resolved": "https://registry.npmjs.org/@polymer/iron-resizable-behavior/-/iron-resizable-behavior-3.0.0-pre.10.tgz",
      "integrity": "sha512-uVRYvp+NpWuaMf5gv+FHyMWl9u41bZVSZXa+MEahAcpeZ69FWCDaX9o+JBOqWFVWhypzvVxN/qGtZWvS6ZqR+w==",
      "requires": {
        "@polymer/polymer": "3.0.0-pre.10"
      }
    },
    "@polymer/iron-scroll-target-behavior": {
      "version": "3.0.0-pre.10",
      "resolved": "https://registry.npmjs.org/@polymer/iron-scroll-target-behavior/-/iron-scroll-target-behavior-3.0.0-pre.10.tgz",
      "integrity": "sha512-RM3TAcFXbLsq8Rre9igp9b9ZFAsYk1RwarCMQIlXMzkM4U5TAX/Dbi7mIeK6RybG3VpIo5Im6kdYO9COXmON5A==",
      "requires": {
        "@polymer/polymer": "3.0.0-pre.10"
      }
    },
    "@polymer/iron-selector": {
      "version": "3.0.0-pre.10",
      "resolved": "https://registry.npmjs.org/@polymer/iron-selector/-/iron-selector-3.0.0-pre.10.tgz",
      "integrity": "sha512-QaCa9wDbDFOOT7UquSe9AL7NhEG3rHaGHVxX22Y18m0wStzpERLyKCPYtCx1aZh/igiYQUPa3tOixq+WOQZszQ==",
      "requires": {
        "@polymer/polymer": "3.0.0-pre.10"
      }
    },
    "@polymer/iron-validatable-behavior": {
      "version": "3.0.0-pre.10",
      "resolved": "https://registry.npmjs.org/@polymer/iron-validatable-behavior/-/iron-validatable-behavior-3.0.0-pre.10.tgz",
      "integrity": "sha512-M9KG1u/AASAZFbm1YE+ZyTqDlI73MXhSdIK+7daqnTnvwDU94AtMkJVzgSl0DxSJ/FwRKWde8eVus5k+DVBJpw==",
      "requires": {
        "@polymer/iron-meta": "3.0.0-pre.10",
        "@polymer/polymer": "3.0.0-pre.10"
      }
    },
    "@polymer/paper-behaviors": {
      "version": "3.0.0-pre.10",
      "resolved": "https://registry.npmjs.org/@polymer/paper-behaviors/-/paper-behaviors-3.0.0-pre.10.tgz",
      "integrity": "sha512-b+D51FjWlo1LuBax6W9jyXqpINJz9bg/V40aZYS4ql3eaIspAuZ7+W2/9f0nwznFhZdRQI41jYsm8l6UEjfSaA==",
      "requires": {
        "@polymer/iron-behaviors": "3.0.0-pre.10",
        "@polymer/iron-checked-element-behavior": "3.0.0-pre.10",
        "@polymer/paper-ripple": "3.0.0-pre.10",
        "@polymer/polymer": "3.0.0-pre.10"
      }
    },
    "@polymer/paper-button": {
      "version": "3.0.0-pre.10",
      "resolved": "https://registry.npmjs.org/@polymer/paper-button/-/paper-button-3.0.0-pre.10.tgz",
      "integrity": "sha512-EyrtEVsH39aNSjl2HDC7qBbXETIvT/m8Hkcf/Y2yfOUS9+u2hNpa8x+/Cs6gezWxuaFHZ6EWQhQh/KeAQhJTLQ==",
      "requires": {
        "@polymer/iron-flex-layout": "3.0.0-pre.10",
        "@polymer/paper-behaviors": "3.0.0-pre.10",
        "@polymer/paper-styles": "3.0.0-pre.10",
        "@polymer/polymer": "3.0.0-pre.10"
      }
    },
    "@polymer/paper-card": {
      "version": "3.0.0-pre.10",
      "resolved": "https://registry.npmjs.org/@polymer/paper-card/-/paper-card-3.0.0-pre.10.tgz",
      "integrity": "sha512-pdw59+b9k81oyVGNcJvYHSsgnTDQ9jw8HKDrtYq8dwGn5Csb6+kWM2Tka36S/9uDVh3oEHpA/qsUAL9SQoTWkw==",
      "requires": {
        "@polymer/iron-flex-layout": "3.0.0-pre.10",
        "@polymer/iron-image": "3.0.0-pre.10",
        "@polymer/paper-styles": "3.0.0-pre.10",
        "@polymer/polymer": "3.0.0-pre.10"
      }
    },
    "@polymer/paper-icon-button": {
      "version": "3.0.0-pre.10",
      "resolved": "https://registry.npmjs.org/@polymer/paper-icon-button/-/paper-icon-button-3.0.0-pre.10.tgz",
      "integrity": "sha512-m17r0sr12FA/mesWG8vLRVVITo1JxrD9MoxOvvIb5XRji3KSK9SU1hVRgf7xlDdMd5edYtUtGz1xEMvM7FXZHA==",
      "requires": {
        "@polymer/iron-icon": "3.0.0-pre.10",
        "@polymer/paper-behaviors": "3.0.0-pre.10",
        "@polymer/paper-styles": "3.0.0-pre.10",
        "@polymer/polymer": "3.0.0-pre.10"
      }
    },
    "@polymer/paper-input": {
      "version": "3.0.0-pre.10",
      "resolved": "https://registry.npmjs.org/@polymer/paper-input/-/paper-input-3.0.0-pre.10.tgz",
      "integrity": "sha512-KzcSGD6NwRhUh96+k7VGPUakjwjdRc5a0WDgRoKcs5n+DXVhZoXp6lS4MUwFhKAXirw3KYDWoAC+8xepbZIDsQ==",
      "requires": {
        "@polymer/iron-a11y-keys-behavior": "3.0.0-pre.10",
        "@polymer/iron-autogrow-textarea": "3.0.0-pre.10",
        "@polymer/iron-behaviors": "3.0.0-pre.10",
        "@polymer/iron-form-element-behavior": "3.0.0-pre.10",
        "@polymer/iron-input": "3.0.0-pre.10",
        "@polymer/paper-styles": "3.0.0-pre.10",
        "@polymer/polymer": "3.0.0-pre.10"
      }
    },
    "@polymer/paper-item": {
      "version": "3.0.0-pre.10",
      "resolved": "https://registry.npmjs.org/@polymer/paper-item/-/paper-item-3.0.0-pre.10.tgz",
      "integrity": "sha512-RYik9Z8V1RSTrqs2gF1mfCNH5iECSmkInrTsL4am7+mL/3UPXkEv4D7e0b45iF403znVK6hhjG5Jg+rSpeRsiQ==",
      "requires": {
        "@polymer/iron-behaviors": "3.0.0-pre.10",
        "@polymer/iron-flex-layout": "3.0.0-pre.10",
        "@polymer/paper-styles": "3.0.0-pre.10",
        "@polymer/polymer": "3.0.0-pre.10"
      }
    },
    "@polymer/paper-progress": {
      "version": "3.0.0-pre.10",
      "resolved": "https://registry.npmjs.org/@polymer/paper-progress/-/paper-progress-3.0.0-pre.10.tgz",
      "integrity": "sha512-uP1bqpCb2LPuqwiDOAvOzYgAhZ5XGf29jRbeddEV0iSg4yV6TFiDDW16KAYk9HbX8h0vPYb7ui9wSfRtVeha8A==",
      "requires": {
        "@polymer/iron-flex-layout": "3.0.0-pre.10",
        "@polymer/iron-range-behavior": "3.0.0-pre.10",
        "@polymer/paper-styles": "3.0.0-pre.10",
        "@polymer/polymer": "3.0.0-pre.10"
      }
    },
    "@polymer/paper-ripple": {
      "version": "3.0.0-pre.10",
      "resolved": "https://registry.npmjs.org/@polymer/paper-ripple/-/paper-ripple-3.0.0-pre.10.tgz",
      "integrity": "sha512-kqZwlIBqQMTjKhZIz8L05u6Y76ySmGwsk+Ha+Rxfq0JNZtnRzEBj3D8alechrFOvzfOf289lUeBlcDkRarC0qQ==",
      "requires": {
        "@polymer/iron-a11y-keys-behavior": "3.0.0-pre.10",
        "@polymer/polymer": "3.0.0-pre.10"
      }
    },
    "@polymer/paper-slider": {
      "version": "3.0.0-pre.10",
      "resolved": "https://registry.npmjs.org/@polymer/paper-slider/-/paper-slider-3.0.0-pre.10.tgz",
      "integrity": "sha512-cBhr4MxL9kpg0qlgd9ddgvm5dmjW7lhX708AWc4khTVJcfGCY9ezINXW+His5H1D+rOCu4RZsKlllNENQkw9Hw==",
      "requires": {
        "@polymer/iron-a11y-keys-behavior": "3.0.0-pre.10",
        "@polymer/iron-behaviors": "3.0.0-pre.10",
        "@polymer/iron-flex-layout": "3.0.0-pre.10",
        "@polymer/iron-form-element-behavior": "3.0.0-pre.10",
        "@polymer/paper-behaviors": "3.0.0-pre.10",
        "@polymer/paper-input": "3.0.0-pre.10",
        "@polymer/paper-progress": "3.0.0-pre.10",
        "@polymer/paper-styles": "3.0.0-pre.10",
        "@polymer/polymer": "3.0.0-pre.10"
      }
    },
    "@polymer/paper-styles": {
      "version": "3.0.0-pre.10",
      "resolved": "https://registry.npmjs.org/@polymer/paper-styles/-/paper-styles-3.0.0-pre.10.tgz",
      "integrity": "sha512-uql66soQE99fZ/PI8qIsPJGWjedD7W7Uw2OOtrggyB5H/9Pgd/2F2uni6IwVSA8rT5StqdC9fXFQHJ7YVsVSKw==",
      "requires": {
        "@polymer/font-roboto": "3.0.0-pre.10",
        "@polymer/iron-flex-layout": "3.0.0-pre.10",
        "@polymer/polymer": "3.0.0-pre.10"
      }
    },
    "@polymer/polymer": {
      "version": "3.0.0-pre.10",
      "resolved": "https://registry.npmjs.org/@polymer/polymer/-/polymer-3.0.0-pre.10.tgz",
      "integrity": "sha512-X9WoYgkFGK9RoAxWNI6DwXI3OIlBlATAKKwF23l3ytXO67Wz+DFxgjMwkl3VTJdo2WsbuI5NDILe0+yZ3gbF5g==",
      "requires": {
        "@webcomponents/shadycss": "1.1.1",
        "@webcomponents/webcomponentsjs": "1.1.0"
      }
    },
    "@webcomponents/shadycss": {
      "version": "1.1.1",
      "resolved": "https://registry.npmjs.org/@webcomponents/shadycss/-/shadycss-1.1.1.tgz",
      "integrity": "sha512-7iVMw1HU0e5tTxL1OIqw/RBGmnYuz1HUNd7t1UYq7VmoBOl5Zm4g3spUBSksyd97SiXauFlXAeSpA0/in9k+dw=="
    },
    "@webcomponents/webcomponentsjs": {
      "version": "1.1.0",
      "resolved": "https://registry.npmjs.org/@webcomponents/webcomponentsjs/-/webcomponentsjs-1.1.0.tgz",
      "integrity": "sha512-7toNyVlrl7vJnY3PU0eXIK1KWq8phfnEe1IwOdCMxkIl/BfUkUB2aaVs45R0LSx1qxHRnkqj0vlGtskUvKkNkA=="
    }
  }
}
